// !$*UTF8*$!
{
	archiveVersion = 1;
	classes = {
	};
	objectVersion = 51;
	objects = {

/* Begin PBXBuildFile section */
		493EBA1B258F5969005F6919 /* NgeryCard.swift in Sources */ = {isa = PBXBuildFile; fileRef = 493EBA1A258F5969005F6919 /* NgeryCard.swift */; };
		493EBA1F258F5A50005F6919 /* NgeryCard.xib in Resources */ = {isa = PBXBuildFile; fileRef = 493EBA1E258F5A50005F6919 /* NgeryCard.xib */; };
		493EBA34258F7649005F6919 /* ShopViewController.swift in Sources */ = {isa = PBXBuildFile; fileRef = 493EBA33258F7649005F6919 /* ShopViewController.swift */; };
		496B3E9A258F23D600F68D2D /* AppDelegate.swift in Sources */ = {isa = PBXBuildFile; fileRef = 496B3E99258F23D600F68D2D /* AppDelegate.swift */; };
		496B3E9C258F23D600F68D2D /* SceneDelegate.swift in Sources */ = {isa = PBXBuildFile; fileRef = 496B3E9B258F23D600F68D2D /* SceneDelegate.swift */; };
		496B3E9E258F23D600F68D2D /* ViewController.swift in Sources */ = {isa = PBXBuildFile; fileRef = 496B3E9D258F23D600F68D2D /* ViewController.swift */; };
		496B3EA1258F23D600F68D2D /* Main.storyboard in Resources */ = {isa = PBXBuildFile; fileRef = 496B3E9F258F23D600F68D2D /* Main.storyboard */; };
		496B3EA4258F23D600F68D2D /* Rokaru.xcdatamodeld in Sources */ = {isa = PBXBuildFile; fileRef = 496B3EA2258F23D600F68D2D /* Rokaru.xcdatamodeld */; };
		496B3EA6258F23D600F68D2D /* Assets.xcassets in Resources */ = {isa = PBXBuildFile; fileRef = 496B3EA5258F23D600F68D2D /* Assets.xcassets */; };
		496B3EA9258F23D600F68D2D /* LaunchScreen.storyboard in Resources */ = {isa = PBXBuildFile; fileRef = 496B3EA7258F23D600F68D2D /* LaunchScreen.storyboard */; };
		49B42478258F9FF6006136B8 /* Materialize.swift in Sources */ = {isa = PBXBuildFile; fileRef = 49B42477258F9FF6006136B8 /* Materialize.swift */; };
		49B4247B258FBAC9006136B8 /* ProductViewController.swift in Sources */ = {isa = PBXBuildFile; fileRef = 49B4247A258FBAC9006136B8 /* ProductViewController.swift */; };
		49B42492258FCFA1006136B8 /* Ticket.xib in Resources */ = {isa = PBXBuildFile; fileRef = 49B42491258FCFA1006136B8 /* Ticket.xib */; };
		49B42499258FCFD6006136B8 /* Ticket.swift in Sources */ = {isa = PBXBuildFile; fileRef = 49B42498258FCFD6006136B8 /* Ticket.swift */; };
		49B4249C258FD2BD006136B8 /* TicketViewController.swift in Sources */ = {isa = PBXBuildFile; fileRef = 49B4249B258FD2BD006136B8 /* TicketViewController.swift */; };
		507EA03D258FE86400E05EEA /* DetailBelanjaViewController.swift in Sources */ = {isa = PBXBuildFile; fileRef = 507EA03C258FE86400E05EEA /* DetailBelanjaViewController.swift */; };
		E91AFE455393A7793E6C7B49 /* Pods_Rokaru.framework in Frameworks */ = {isa = PBXBuildFile; fileRef = D89D420C6F816AEBBFAD4D03 /* Pods_Rokaru.framework */; };
/* End PBXBuildFile section */

/* Begin PBXFileReference section */
		150058FF97E4F36A75DE6B8C /* Pods-Rokaru.release.xcconfig */ = {isa = PBXFileReference; includeInIndex = 1; lastKnownFileType = text.xcconfig; name = "Pods-Rokaru.release.xcconfig"; path = "Target Support Files/Pods-Rokaru/Pods-Rokaru.release.xcconfig"; sourceTree = "<group>"; };
		493EBA1A258F5969005F6919 /* NgeryCard.swift */ = {isa = PBXFileReference; lastKnownFileType = sourcecode.swift; path = NgeryCard.swift; sourceTree = "<group>"; };
		493EBA1E258F5A50005F6919 /* NgeryCard.xib */ = {isa = PBXFileReference; lastKnownFileType = file.xib; path = NgeryCard.xib; sourceTree = "<group>"; };
		493EBA33258F7649005F6919 /* ShopViewController.swift */ = {isa = PBXFileReference; lastKnownFileType = sourcecode.swift; path = ShopViewController.swift; sourceTree = "<group>"; };
		496B3E96258F23D600F68D2D /* Rokaru.app */ = {isa = PBXFileReference; explicitFileType = wrapper.application; includeInIndex = 0; path = Rokaru.app; sourceTree = BUILT_PRODUCTS_DIR; };
		496B3E99258F23D600F68D2D /* AppDelegate.swift */ = {isa = PBXFileReference; lastKnownFileType = sourcecode.swift; path = AppDelegate.swift; sourceTree = "<group>"; };
		496B3E9B258F23D600F68D2D /* SceneDelegate.swift */ = {isa = PBXFileReference; lastKnownFileType = sourcecode.swift; path = SceneDelegate.swift; sourceTree = "<group>"; };
		496B3E9D258F23D600F68D2D /* ViewController.swift */ = {isa = PBXFileReference; lastKnownFileType = sourcecode.swift; path = ViewController.swift; sourceTree = "<group>"; };
		496B3EA0258F23D600F68D2D /* Base */ = {isa = PBXFileReference; lastKnownFileType = file.storyboard; name = Base; path = Base.lproj/Main.storyboard; sourceTree = "<group>"; };
		496B3EA3258F23D600F68D2D /* Rokaru.xcdatamodel */ = {isa = PBXFileReference; lastKnownFileType = wrapper.xcdatamodel; path = Rokaru.xcdatamodel; sourceTree = "<group>"; };
		496B3EA5258F23D600F68D2D /* Assets.xcassets */ = {isa = PBXFileReference; lastKnownFileType = folder.assetcatalog; path = Assets.xcassets; sourceTree = "<group>"; };
		496B3EA8258F23D600F68D2D /* Base */ = {isa = PBXFileReference; lastKnownFileType = file.storyboard; name = Base; path = Base.lproj/LaunchScreen.storyboard; sourceTree = "<group>"; };
		496B3EAA258F23D600F68D2D /* Info.plist */ = {isa = PBXFileReference; lastKnownFileType = text.plist.xml; path = Info.plist; sourceTree = "<group>"; };
		49B42477258F9FF6006136B8 /* Materialize.swift */ = {isa = PBXFileReference; lastKnownFileType = sourcecode.swift; path = Materialize.swift; sourceTree = "<group>"; };
		49B4247A258FBAC9006136B8 /* ProductViewController.swift */ = {isa = PBXFileReference; lastKnownFileType = sourcecode.swift; path = ProductViewController.swift; sourceTree = "<group>"; };
		49B42491258FCFA1006136B8 /* Ticket.xib */ = {isa = PBXFileReference; lastKnownFileType = file.xib; path = Ticket.xib; sourceTree = "<group>"; };
		49B42498258FCFD6006136B8 /* Ticket.swift */ = {isa = PBXFileReference; lastKnownFileType = sourcecode.swift; path = Ticket.swift; sourceTree = "<group>"; };
		49B4249B258FD2BD006136B8 /* TicketViewController.swift */ = {isa = PBXFileReference; lastKnownFileType = sourcecode.swift; path = TicketViewController.swift; sourceTree = "<group>"; };
		507EA03C258FE86400E05EEA /* DetailBelanjaViewController.swift */ = {isa = PBXFileReference; lastKnownFileType = sourcecode.swift; path = DetailBelanjaViewController.swift; sourceTree = "<group>"; };
		995F87B19068667EAFA36E15 /* Pods-Rokaru.debug.xcconfig */ = {isa = PBXFileReference; includeInIndex = 1; lastKnownFileType = text.xcconfig; name = "Pods-Rokaru.debug.xcconfig"; path = "Target Support Files/Pods-Rokaru/Pods-Rokaru.debug.xcconfig"; sourceTree = "<group>"; };
		D89D420C6F816AEBBFAD4D03 /* Pods_Rokaru.framework */ = {isa = PBXFileReference; explicitFileType = wrapper.framework; includeInIndex = 0; path = Pods_Rokaru.framework; sourceTree = BUILT_PRODUCTS_DIR; };
/* End PBXFileReference section */

/* Begin PBXFrameworksBuildPhase section */
		496B3E93258F23D600F68D2D /* Frameworks */ = {
			isa = PBXFrameworksBuildPhase;
			buildActionMask = 2147483647;
			files = (
				E91AFE455393A7793E6C7B49 /* Pods_Rokaru.framework in Frameworks */,
			);
			runOnlyForDeploymentPostprocessing = 0;
		};
/* End PBXFrameworksBuildPhase section */

/* Begin PBXGroup section */
		16281C6A47B1A3AF0C7AD593 /* Frameworks */ = {
			isa = PBXGroup;
			children = (
				D89D420C6F816AEBBFAD4D03 /* Pods_Rokaru.framework */,
			);
			name = Frameworks;
			sourceTree = "<group>";
		};
		2248B7D72244612662527FE8 /* Pods */ = {
			isa = PBXGroup;
			children = (
				995F87B19068667EAFA36E15 /* Pods-Rokaru.debug.xcconfig */,
				150058FF97E4F36A75DE6B8C /* Pods-Rokaru.release.xcconfig */,
			);
			path = Pods;
			sourceTree = "<group>";
		};
		496B3E8D258F23D600F68D2D = {
			isa = PBXGroup;
			children = (
				496B3E98258F23D600F68D2D /* Rokaru */,
				496B3E97258F23D600F68D2D /* Products */,
				2248B7D72244612662527FE8 /* Pods */,
				16281C6A47B1A3AF0C7AD593 /* Frameworks */,
			);
			sourceTree = "<group>";
		};
		496B3E97258F23D600F68D2D /* Products */ = {
			isa = PBXGroup;
			children = (
				496B3E96258F23D600F68D2D /* Rokaru.app */,
			);
			name = Products;
			sourceTree = "<group>";
		};
		496B3E98258F23D600F68D2D /* Rokaru */ = {
			isa = PBXGroup;
			children = (
				496B3E99258F23D600F68D2D /* AppDelegate.swift */,
				496B3E9B258F23D600F68D2D /* SceneDelegate.swift */,
				496B3E9D258F23D600F68D2D /* ViewController.swift */,
				493EBA1E258F5A50005F6919 /* NgeryCard.xib */,
				493EBA1A258F5969005F6919 /* NgeryCard.swift */,
				496B3E9F258F23D600F68D2D /* Main.storyboard */,
				493EBA33258F7649005F6919 /* ShopViewController.swift */,
				496B3EA5258F23D600F68D2D /* Assets.xcassets */,
				496B3EA7258F23D600F68D2D /* LaunchScreen.storyboard */,
				496B3EAA258F23D600F68D2D /* Info.plist */,
				496B3EA2258F23D600F68D2D /* Rokaru.xcdatamodeld */,
				49B42477258F9FF6006136B8 /* Materialize.swift */,
				49B4247A258FBAC9006136B8 /* ProductViewController.swift */,
				49B42491258FCFA1006136B8 /* Ticket.xib */,
				49B42498258FCFD6006136B8 /* Ticket.swift */,
				49B4249B258FD2BD006136B8 /* TicketViewController.swift */,
				507EA03C258FE86400E05EEA /* DetailBelanjaViewController.swift */,
			);
			path = Rokaru;
			sourceTree = "<group>";
		};
/* End PBXGroup section */

/* Begin PBXNativeTarget section */
		496B3E95258F23D600F68D2D /* Rokaru */ = {
			isa = PBXNativeTarget;
			buildConfigurationList = 496B3EAD258F23D600F68D2D /* Build configuration list for PBXNativeTarget "Rokaru" */;
			buildPhases = (
				E48415DF36819DD7765206F6 /* [CP] Check Pods Manifest.lock */,
				496B3E92258F23D600F68D2D /* Sources */,
				496B3E93258F23D600F68D2D /* Frameworks */,
				496B3E94258F23D600F68D2D /* Resources */,
				5D69E55972EA2E00679DDE1C /* [CP] Embed Pods Frameworks */,
			);
			buildRules = (
			);
			dependencies = (
			);
			name = Rokaru;
			productName = Rokaru;
			productReference = 496B3E96258F23D600F68D2D /* Rokaru.app */;
			productType = "com.apple.product-type.application";
		};
/* End PBXNativeTarget section */

/* Begin PBXProject section */
		496B3E8E258F23D600F68D2D /* Project object */ = {
			isa = PBXProject;
			attributes = {
				LastSwiftUpdateCheck = 1230;
				LastUpgradeCheck = 1230;
				TargetAttributes = {
					496B3E95258F23D600F68D2D = {
						CreatedOnToolsVersion = 12.3;
					};
				};
			};
			buildConfigurationList = 496B3E91258F23D600F68D2D /* Build configuration list for PBXProject "Rokaru" */;
			compatibilityVersion = "Xcode 9.3";
			developmentRegion = en;
			hasScannedForEncodings = 0;
			knownRegions = (
				en,
				Base,
			);
			mainGroup = 496B3E8D258F23D600F68D2D;
			productRefGroup = 496B3E97258F23D600F68D2D /* Products */;
			projectDirPath = "";
			projectRoot = "";
			targets = (
				496B3E95258F23D600F68D2D /* Rokaru */,
			);
		};
/* End PBXProject section */

/* Begin PBXResourcesBuildPhase section */
		496B3E94258F23D600F68D2D /* Resources */ = {
			isa = PBXResourcesBuildPhase;
			buildActionMask = 2147483647;
			files = (
				496B3EA9258F23D600F68D2D /* LaunchScreen.storyboard in Resources */,
				493EBA1F258F5A50005F6919 /* NgeryCard.xib in Resources */,
				49B42492258FCFA1006136B8 /* Ticket.xib in Resources */,
				496B3EA6258F23D600F68D2D /* Assets.xcassets in Resources */,
				496B3EA1258F23D600F68D2D /* Main.storyboard in Resources */,
			);
			runOnlyForDeploymentPostprocessing = 0;
		};
/* End PBXResourcesBuildPhase section */

/* Begin PBXShellScriptBuildPhase section */
		5D69E55972EA2E00679DDE1C /* [CP] Embed Pods Frameworks */ = {
			isa = PBXShellScriptBuildPhase;
			buildActionMask = 2147483647;
			files = (
			);
			inputFileListPaths = (
				"${PODS_ROOT}/Target Support Files/Pods-Rokaru/Pods-Rokaru-frameworks-${CONFIGURATION}-input-files.xcfilelist",
			);
			name = "[CP] Embed Pods Frameworks";
			outputFileListPaths = (
				"${PODS_ROOT}/Target Support Files/Pods-Rokaru/Pods-Rokaru-frameworks-${CONFIGURATION}-output-files.xcfilelist",
			);
			runOnlyForDeploymentPostprocessing = 0;
			shellPath = /bin/sh;
			shellScript = "\"${PODS_ROOT}/Target Support Files/Pods-Rokaru/Pods-Rokaru-frameworks.sh\"\n";
			showEnvVarsInLog = 0;
		};
		E48415DF36819DD7765206F6 /* [CP] Check Pods Manifest.lock */ = {
			isa = PBXShellScriptBuildPhase;
			buildActionMask = 2147483647;
			files = (
			);
			inputFileListPaths = (
			);
			inputPaths = (
				"${PODS_PODFILE_DIR_PATH}/Podfile.lock",
				"${PODS_ROOT}/Manifest.lock",
			);
			name = "[CP] Check Pods Manifest.lock";
			outputFileListPaths = (
			);
			outputPaths = (
				"$(DERIVED_FILE_DIR)/Pods-Rokaru-checkManifestLockResult.txt",
			);
			runOnlyForDeploymentPostprocessing = 0;
			shellPath = /bin/sh;
			shellScript = "diff \"${PODS_PODFILE_DIR_PATH}/Podfile.lock\" \"${PODS_ROOT}/Manifest.lock\" > /dev/null\nif [ $? != 0 ] ; then\n    # print error to STDERR\n    echo \"error: The sandbox is not in sync with the Podfile.lock. Run 'pod install' or update your CocoaPods installation.\" >&2\n    exit 1\nfi\n# This output is used by Xcode 'outputs' to avoid re-running this script phase.\necho \"SUCCESS\" > \"${SCRIPT_OUTPUT_FILE_0}\"\n";
			showEnvVarsInLog = 0;
		};
/* End PBXShellScriptBuildPhase section */

/* Begin PBXSourcesBuildPhase section */
		496B3E92258F23D600F68D2D /* Sources */ = {
			isa = PBXSourcesBuildPhase;
			buildActionMask = 2147483647;
			files = (
				49B42478258F9FF6006136B8 /* Materialize.swift in Sources */,
				496B3E9E258F23D600F68D2D /* ViewController.swift in Sources */,
				496B3E9A258F23D600F68D2D /* AppDelegate.swift in Sources */,
				493EBA34258F7649005F6919 /* ShopViewController.swift in Sources */,
				49B42499258FCFD6006136B8 /* Ticket.swift in Sources */,
				493EBA1B258F5969005F6919 /* NgeryCard.swift in Sources */,
				49B4249C258FD2BD006136B8 /* TicketViewController.swift in Sources */,
				507EA03D258FE86400E05EEA /* DetailBelanjaViewController.swift in Sources */,
				496B3E9C258F23D600F68D2D /* SceneDelegate.swift in Sources */,
				49B4247B258FBAC9006136B8 /* ProductViewController.swift in Sources */,
				496B3EA4258F23D600F68D2D /* Rokaru.xcdatamodeld in Sources */,
			);
			runOnlyForDeploymentPostprocessing = 0;
		};
/* End PBXSourcesBuildPhase section */

/* Begin PBXVariantGroup section */
		496B3E9F258F23D600F68D2D /* Main.storyboard */ = {
			isa = PBXVariantGroup;
			children = (
				496B3EA0258F23D600F68D2D /* Base */,
			);
			name = Main.storyboard;
			sourceTree = "<group>";
		};
		496B3EA7258F23D600F68D2D /* LaunchScreen.storyboard */ = {
			isa = PBXVariantGroup;
			children = (
				496B3EA8258F23D600F68D2D /* Base */,
			);
			name = LaunchScreen.storyboard;
			sourceTree = "<group>";
		};
/* End PBXVariantGroup section */

/* Begin XCBuildConfiguration section */
		496B3EAB258F23D600F68D2D /* Debug */ = {
			isa = XCBuildConfiguration;
			buildSettings = {
				ALWAYS_SEARCH_USER_PATHS = NO;
				CLANG_ANALYZER_NONNULL = YES;
				CLANG_ANALYZER_NUMBER_OBJECT_CONVERSION = YES_AGGRESSIVE;
				CLANG_CXX_LANGUAGE_STANDARD = "gnu++14";
				CLANG_CXX_LIBRARY = "libc++";
				CLANG_ENABLE_MODULES = YES;
				CLANG_ENABLE_OBJC_ARC = YES;
				CLANG_ENABLE_OBJC_WEAK = YES;
				CLANG_WARN_BLOCK_CAPTURE_AUTORELEASING = YES;
				CLANG_WARN_BOOL_CONVERSION = YES;
				CLANG_WARN_COMMA = YES;
				CLANG_WARN_CONSTANT_CONVERSION = YES;
				CLANG_WARN_DEPRECATED_OBJC_IMPLEMENTATIONS = YES;
				CLANG_WARN_DIRECT_OBJC_ISA_USAGE = YES_ERROR;
				CLANG_WARN_DOCUMENTATION_COMMENTS = YES;
				CLANG_WARN_EMPTY_BODY = YES;
				CLANG_WARN_ENUM_CONVERSION = YES;
				CLANG_WARN_INFINITE_RECURSION = YES;
				CLANG_WARN_INT_CONVERSION = YES;
				CLANG_WARN_NON_LITERAL_NULL_CONVERSION = YES;
				CLANG_WARN_OBJC_IMPLICIT_RETAIN_SELF = YES;
				CLANG_WARN_OBJC_LITERAL_CONVERSION = YES;
				CLANG_WARN_OBJC_ROOT_CLASS = YES_ERROR;
				CLANG_WARN_QUOTED_INCLUDE_IN_FRAMEWORK_HEADER = YES;
				CLANG_WARN_RANGE_LOOP_ANALYSIS = YES;
				CLANG_WARN_STRICT_PROTOTYPES = YES;
				CLANG_WARN_SUSPICIOUS_MOVE = YES;
				CLANG_WARN_UNGUARDED_AVAILABILITY = YES_AGGRESSIVE;
				CLANG_WARN_UNREACHABLE_CODE = YES;
				CLANG_WARN__DUPLICATE_METHOD_MATCH = YES;
				COPY_PHASE_STRIP = NO;
				DEBUG_INFORMATION_FORMAT = dwarf;
				ENABLE_STRICT_OBJC_MSGSEND = YES;
				ENABLE_TESTABILITY = YES;
				GCC_C_LANGUAGE_STANDARD = gnu11;
				GCC_DYNAMIC_NO_PIC = NO;
				GCC_NO_COMMON_BLOCKS = YES;
				GCC_OPTIMIZATION_LEVEL = 0;
				GCC_PREPROCESSOR_DEFINITIONS = (
					"DEBUG=1",
					"$(inherited)",
				);
				GCC_WARN_64_TO_32_BIT_CONVERSION = YES;
				GCC_WARN_ABOUT_RETURN_TYPE = YES_ERROR;
				GCC_WARN_UNDECLARED_SELECTOR = YES;
				GCC_WARN_UNINITIALIZED_AUTOS = YES_AGGRESSIVE;
				GCC_WARN_UNUSED_FUNCTION = YES;
				GCC_WARN_UNUSED_VARIABLE = YES;
				IPHONEOS_DEPLOYMENT_TARGET = 14.3;
				MTL_ENABLE_DEBUG_INFO = INCLUDE_SOURCE;
				MTL_FAST_MATH = YES;
				ONLY_ACTIVE_ARCH = YES;
				SDKROOT = iphoneos;
				SWIFT_ACTIVE_COMPILATION_CONDITIONS = DEBUG;
				SWIFT_OPTIMIZATION_LEVEL = "-Onone";
			};
			name = Debug;
		};
		496B3EAC258F23D600F68D2D /* Release */ = {
			isa = XCBuildConfiguration;
			buildSettings = {
				ALWAYS_SEARCH_USER_PATHS = NO;
				CLANG_ANALYZER_NONNULL = YES;
				CLANG_ANALYZER_NUMBER_OBJECT_CONVERSION = YES_AGGRESSIVE;
				CLANG_CXX_LANGUAGE_STANDARD = "gnu++14";
				CLANG_CXX_LIBRARY = "libc++";
				CLANG_ENABLE_MODULES = YES;
				CLANG_ENABLE_OBJC_ARC = YES;
				CLANG_ENABLE_OBJC_WEAK = YES;
				CLANG_WARN_BLOCK_CAPTURE_AUTORELEASING = YES;
				CLANG_WARN_BOOL_CONVERSION = YES;
				CLANG_WARN_COMMA = YES;
				CLANG_WARN_CONSTANT_CONVERSION = YES;
				CLANG_WARN_DEPRECATED_OBJC_IMPLEMENTATIONS = YES;
				CLANG_WARN_DIRECT_OBJC_ISA_USAGE = YES_ERROR;
				CLANG_WARN_DOCUMENTATION_COMMENTS = YES;
				CLANG_WARN_EMPTY_BODY = YES;
				CLANG_WARN_ENUM_CONVERSION = YES;
				CLANG_WARN_INFINITE_RECURSION = YES;
				CLANG_WARN_INT_CONVERSION = YES;
				CLANG_WARN_NON_LITERAL_NULL_CONVERSION = YES;
				CLANG_WARN_OBJC_IMPLICIT_RETAIN_SELF = YES;
				CLANG_WARN_OBJC_LITERAL_CONVERSION = YES;
				CLANG_WARN_OBJC_ROOT_CLASS = YES_ERROR;
				CLANG_WARN_QUOTED_INCLUDE_IN_FRAMEWORK_HEADER = YES;
				CLANG_WARN_RANGE_LOOP_ANALYSIS = YES;
				CLANG_WARN_STRICT_PROTOTYPES = YES;
				CLANG_WARN_SUSPICIOUS_MOVE = YES;
				CLANG_WARN_UNGUARDED_AVAILABILITY = YES_AGGRESSIVE;
				CLANG_WARN_UNREACHABLE_CODE = YES;
				CLANG_WARN__DUPLICATE_METHOD_MATCH = YES;
				COPY_PHASE_STRIP = NO;
				DEBUG_INFORMATION_FORMAT = "dwarf-with-dsym";
				ENABLE_NS_ASSERTIONS = NO;
				ENABLE_STRICT_OBJC_MSGSEND = YES;
				GCC_C_LANGUAGE_STANDARD = gnu11;
				GCC_NO_COMMON_BLOCKS = YES;
				GCC_WARN_64_TO_32_BIT_CONVERSION = YES;
				GCC_WARN_ABOUT_RETURN_TYPE = YES_ERROR;
				GCC_WARN_UNDECLARED_SELECTOR = YES;
				GCC_WARN_UNINITIALIZED_AUTOS = YES_AGGRESSIVE;
				GCC_WARN_UNUSED_FUNCTION = YES;
				GCC_WARN_UNUSED_VARIABLE = YES;
				IPHONEOS_DEPLOYMENT_TARGET = 14.3;
				MTL_ENABLE_DEBUG_INFO = NO;
				MTL_FAST_MATH = YES;
				SDKROOT = iphoneos;
				SWIFT_COMPILATION_MODE = wholemodule;
				SWIFT_OPTIMIZATION_LEVEL = "-O";
				VALIDATE_PRODUCT = YES;
			};
			name = Release;
		};
		496B3EAE258F23D600F68D2D /* Debug */ = {
			isa = XCBuildConfiguration;
			baseConfigurationReference = 995F87B19068667EAFA36E15 /* Pods-Rokaru.debug.xcconfig */;
			buildSettings = {
				ASSETCATALOG_COMPILER_APPICON_NAME = AppIcon;
				ASSETCATALOG_COMPILER_GLOBAL_ACCENT_COLOR_NAME = AccentColor;
				CODE_SIGN_STYLE = Automatic;
				INFOPLIST_FILE = Rokaru/Info.plist;
				LD_RUNPATH_SEARCH_PATHS = (
					"$(inherited)",
					"@executable_path/Frameworks",
				);
				PRODUCT_BUNDLE_IDENTIFIER = mamak.kuda.Rokaru;
				PRODUCT_NAME = "$(TARGET_NAME)";
				SWIFT_VERSION = 4.2;
				TARGETED_DEVICE_FAMILY = "1,2";
			};
			name = Debug;
		};
		496B3EAF258F23D600F68D2D /* Release */ = {
			isa = XCBuildConfiguration;
			baseConfigurationReference = 150058FF97E4F36A75DE6B8C /* Pods-Rokaru.release.xcconfig */;
			buildSettings = {
				ASSETCATALOG_COMPILER_APPICON_NAME = AppIcon;
				ASSETCATALOG_COMPILER_GLOBAL_ACCENT_COLOR_NAME = AccentColor;
				CODE_SIGN_STYLE = Automatic;
				INFOPLIST_FILE = Rokaru/Info.plist;
				LD_RUNPATH_SEARCH_PATHS = (
					"$(inherited)",
					"@executable_path/Frameworks",
				);
				PRODUCT_BUNDLE_IDENTIFIER = mamak.kuda.Rokaru;
				PRODUCT_NAME = "$(TARGET_NAME)";
				SWIFT_VERSION = 4.2;
				TARGETED_DEVICE_FAMILY = "1,2";
			};
			name = Release;
		};
/* End XCBuildConfiguration section */

/* Begin XCConfigurationList section */
		496B3E91258F23D600F68D2D /* Build configuration list for PBXProject "Rokaru" */ = {
			isa = XCConfigurationList;
			buildConfigurations = (
				496B3EAB258F23D600F68D2D /* Debug */,
				496B3EAC258F23D600F68D2D /* Release */,
			);
			defaultConfigurationIsVisible = 0;
			defaultConfigurationName = Release;
		};
		496B3EAD258F23D600F68D2D /* Build configuration list for PBXNativeTarget "Rokaru" */ = {
			isa = XCConfigurationList;
			buildConfigurations = (
				496B3EAE258F23D600F68D2D /* Debug */,
				496B3EAF258F23D600F68D2D /* Release */,
			);
			defaultConfigurationIsVisible = 0;
			defaultConfigurationName = Release;
		};
/* End XCConfigurationList section */

/* Begin XCVersionGroup section */
		496B3EA2258F23D600F68D2D /* Rokaru.xcdatamodeld */ = {
			isa = XCVersionGroup;
			children = (
				496B3EA3258F23D600F68D2D /* Rokaru.xcdatamodel */,
			);
			currentVersion = 496B3EA3258F23D600F68D2D /* Rokaru.xcdatamodel */;
			path = Rokaru.xcdatamodeld;
			sourceTree = "<group>";
			versionGroupType = wrapper.xcdatamodel;
		};
/* End XCVersionGroup section */
	};
	rootObject = 496B3E8E258F23D600F68D2D /* Project object */;
}
